// !$*UTF8*$!
{
	archiveVersion = 1;
	classes = {
	};
	objectVersion = 77;
	objects = {

/* Begin PBXBuildFile section */
		7E888D342F980F760063FB27 /* WidgetKit.framework in Frameworks */ = {isa = PBXBuildFile; fileRef = 7E888D332F980F760063FB27 /* WidgetKit.framework */; };
		7E888D362F980F760063FB27 /* SwiftUI.framework in Frameworks */ = {isa = PBXBuildFile; fileRef = 7E888D352F980F760063FB27 /* SwiftUI.framework */; };
		7E888D412F980F770063FB27 /* MindSnapWidgetExtension.appex in Embed Foundation Extensions */ = {isa = PBXBuildFile; fileRef = 7E888D312F980F760063FB27 /* MindSnapWidgetExtension.appex */; settings = {ATTRIBUTES = (RemoveHeadersOnCopy, ); }; };
/* End PBXBuildFile section */

/* Begin PBXContainerItemProxy section */
		7E888CEA2F9802DF0063FB27 /* PBXContainerItemProxy */ = {
			isa = PBXContainerItemProxy;
			containerPortal = 7E888CD42F9802DE0063FB27 /* Project object */;
			proxyType = 1;
			remoteGlobalIDString = 7E888CDB2F9802DE0063FB27;
			remoteInfo = MindSnap;
		};
		7E888CF42F9802DF0063FB27 /* PBXContainerItemProxy */ = {
			isa = PBXContainerItemProxy;
			containerPortal = 7E888CD42F9802DE0063FB27 /* Project object */;
			proxyType = 1;
			remoteGlobalIDString = 7E888CDB2F9802DE0063FB27;
			remoteInfo = MindSnap;
		};
		7E888D3F2F980F770063FB27 /* PBXContainerItemProxy */ = {
			isa = PBXContainerItemProxy;
			containerPortal = 7E888CD42F9802DE0063FB27 /* Project object */;
			proxyType = 1;
			remoteGlobalIDString = 7E888D302F980F760063FB27;
			remoteInfo = MindSnapWidgetExtension;
		};
/* End PBXContainerItemProxy section */

/* Begin PBXCopyFilesBuildPhase section */
		7E888D462F980F770063FB27 /* Embed Foundation Extensions */ = {
			isa = PBXCopyFilesBuildPhase;
			buildActionMask = 2147483647;
			dstPath = "";
			dstSubfolderSpec = 13;
			files = (
				7E888D412F980F770063FB27 /* MindSnapWidgetExtension.appex in Embed Foundation Extensions */,
			);
			name = "Embed Foundation Extensions";
			runOnlyForDeploymentPostprocessing = 0;
		};
/* End PBXCopyFilesBuildPhase section */

/* Begin PBXFileReference section */
		7E888CDC2F9802DE0063FB27 /* MindSnap.app */ = {isa = PBXFileReference; explicitFileType = wrapper.application; includeInIndex = 0; path = MindSnap.app; sourceTree = BUILT_PRODUCTS_DIR; };
		7E888CE92F9802DF0063FB27 /* MindSnapTests.xctest */ = {isa = PBXFileReference; explicitFileType = wrapper.cfbundle; includeInIndex = 0; path = MindSnapTests.xctest; sourceTree = BUILT_PRODUCTS_DIR; };
		7E888CF32F9802DF0063FB27 /* MindSnapUITests.xctest */ = {isa = PBXFileReference; explicitFileType = wrapper.cfbundle; includeInIndex = 0; path = MindSnapUITests.xctest; sourceTree = BUILT_PRODUCTS_DIR; };
		7E888D312F980F760063FB27 /* MindSnapWidgetExtension.appex */ = {isa = PBXFileReference; explicitFileType = "wrapper.app-extension"; includeInIndex = 0; path = MindSnapWidgetExtension.appex; sourceTree = BUILT_PRODUCTS_DIR; };
		7E888D332F980F760063FB27 /* WidgetKit.framework */ = {isa = PBXFileReference; lastKnownFileType = wrapper.framework; name = WidgetKit.framework; path = System/Library/Frameworks/WidgetKit.framework; sourceTree = SDKROOT; };
		7E888D352F980F760063FB27 /* SwiftUI.framework */ = {isa = PBXFileReference; lastKnownFileType = wrapper.framework; name = SwiftUI.framework; path = System/Library/Frameworks/SwiftUI.framework; sourceTree = SDKROOT; };
		7E888DE82F98275A0063FB27 /* MindSnapWidgetExtension.entitlements */ = {isa = PBXFileReference; lastKnownFileType = text.plist.entitlements; path = MindSnapWidgetExtension.entitlements; sourceTree = "<group>"; };
/* End PBXFileReference section */

/* Begin PBXFileSystemSynchronizedBuildFileExceptionSet section */
		7E888D422F980F770063FB27 /* Exceptions for "MindSnapWidget" folder in "MindSnapWidgetExtension" target */ = {
			isa = PBXFileSystemSynchronizedBuildFileExceptionSet;
			membershipExceptions = (
				Info.plist,
			);
			target = 7E888D302F980F760063FB27 /* MindSnapWidgetExtension */;
		};
		7E888D4B2F98105F0063FB27 /* Exceptions for "MindSnap" folder in "MindSnapWidgetExtension" target */ = {
			isa = PBXFileSystemSynchronizedBuildFileExceptionSet;
			membershipExceptions = (
				Models/Goal.swift,
				Models/GoalCompletion.swift,
				Models/JournalEntry.swift,
				Models/MoodType.swift,
				Widget/MindSnapWidget.swift,
				Widget/WidgetEntry.swift,
			);
			target = 7E888D302F980F760063FB27 /* MindSnapWidgetExtension */;
		};
		7E888D522F9813130063FB27 /* Exceptions for "MindSnap" folder in "MindSnap" target */ = {
			isa = PBXFileSystemSynchronizedBuildFileExceptionSet;
			membershipExceptions = (
				Info.plist,
				Widget/MindSnapWidget.swift,
			);
			target = 7E888CDB2F9802DE0063FB27 /* MindSnap */;
		};
/* End PBXFileSystemSynchronizedBuildFileExceptionSet section */

/* Begin PBXFileSystemSynchronizedRootGroup section */
		7E888CDE2F9802DE0063FB27 /* MindSnap */ = {
			isa = PBXFileSystemSynchronizedRootGroup;
			exceptions = (
				7E888D522F9813130063FB27 /* Exceptions for "MindSnap" folder in "MindSnap" target */,
				7E888D4B2F98105F0063FB27 /* Exceptions for "MindSnap" folder in "MindSnapWidgetExtension" target */,
			);
			path = MindSnap;
			sourceTree = "<group>";
		};
		7E888CEC2F9802DF0063FB27 /* MindSnapTests */ = {
			isa = PBXFileSystemSynchronizedRootGroup;
			path = MindSnapTests;
			sourceTree = "<group>";
		};
		7E888CF62F9802DF0063FB27 /* MindSnapUITests */ = {
			isa = PBXFileSystemSynchronizedRootGroup;
			path = MindSnapUITests;
			sourceTree = "<group>";
		};
		7E888D372F980F760063FB27 /* MindSnapWidget */ = {
			isa = PBXFileSystemSynchronizedRootGroup;
			exceptions = (
				7E888D422F980F770063FB27 /* Exceptions for "MindSnapWidget" folder in "MindSnapWidgetExtension" target */,
			);
			path = MindSnapWidget;
			sourceTree = "<group>";
		};
/* End PBXFileSystemSynchronizedRootGroup section */

/* Begin PBXFrameworksBuildPhase section */
		7E888CD92F9802DE0063FB27 /* Frameworks */ = {
			isa = PBXFrameworksBuildPhase;
			buildActionMask = 2147483647;
			files = (
			);
			runOnlyForDeploymentPostprocessing = 0;
		};
		7E888CE62F9802DF0063FB27 /* Frameworks */ = {
			isa = PBXFrameworksBuildPhase;
			buildActionMask = 2147483647;
			files = (
			);
			runOnlyForDeploymentPostprocessing = 0;
		};
		7E888CF02F9802DF0063FB27 /* Frameworks */ = {
			isa = PBXFrameworksBuildPhase;
			buildActionMask = 2147483647;
			files = (
			);
			runOnlyForDeploymentPostprocessing = 0;
		};
		7E888D2E2F980F760063FB27 /* Frameworks */ = {
			isa = PBXFrameworksBuildPhase;
			buildActionMask = 2147483647;
			files = (
				7E888D362F980F760063FB27 /* SwiftUI.framework in Frameworks */,
				7E888D342F980F760063FB27 /* WidgetKit.framework in Frameworks */,
			);
			runOnlyForDeploymentPostprocessing = 0;
		};
/* End PBXFrameworksBuildPhase section */

/* Begin PBXGroup section */
		7E888CD32F9802DE0063FB27 = {
			isa = PBXGroup;
			children = (
				7E888DE82F98275A0063FB27 /* MindSnapWidgetExtension.entitlements */,
				7E888CDE2F9802DE0063FB27 /* MindSnap */,
				7E888CEC2F9802DF0063FB27 /* MindSnapTests */,
				7E888CF62F9802DF0063FB27 /* MindSnapUITests */,
				7E888D372F980F760063FB27 /* MindSnapWidget */,
				7E888D322F980F760063FB27 /* Frameworks */,
				7E888CDD2F9802DE0063FB27 /* Products */,
			);
			sourceTree = "<group>";
		};
		7E888CDD2F9802DE0063FB27 /* Products */ = {
			isa = PBXGroup;
			children = (
				7E888CDC2F9802DE0063FB27 /* MindSnap.app */,
				7E888CE92F9802DF0063FB27 /* MindSnapTests.xctest */,
				7E888CF32F9802DF0063FB27 /* MindSnapUITests.xctest */,
				7E888D312F980F760063FB27 /* MindSnapWidgetExtension.appex */,
			);
			name = Products;
			sourceTree = "<group>";
		};
		7E888D322F980F760063FB27 /* Frameworks */ = {
			isa = PBXGroup;
			children = (
				7E888D332F980F760063FB27 /* WidgetKit.framework */,
				7E888D352F980F760063FB27 /* SwiftUI.framework */,
			);
			name = Frameworks;
			sourceTree = "<group>";
		};
/* End PBXGroup section */

/* Begin PBXNativeTarget section */
		7E888CDB2F9802DE0063FB27 /* MindSnap */ = {
			isa = PBXNativeTarget;
			buildConfigurationList = 7E888CFD2F9802DF0063FB27 /* Build configuration list for PBXNativeTarget "MindSnap" */;
			buildPhases = (
				7E888CD82F9802DE0063FB27 /* Sources */,
				7E888CD92F9802DE0063FB27 /* Frameworks */,
				7E888CDA2F9802DE0063FB27 /* Resources */,
				7E888D462F980F770063FB27 /* Embed Foundation Extensions */,
			);
			buildRules = (
			);
			dependencies = (
				7E888D402F980F770063FB27 /* PBXTargetDependency */,
			);
			fileSystemSynchronizedGroups = (
				7E888CDE2F9802DE0063FB27 /* MindSnap */,
			);
			name = MindSnap;
			packageProductDependencies = (
			);
			productName = MindSnap;
			productReference = 7E888CDC2F9802DE0063FB27 /* MindSnap.app */;
			productType = "com.apple.product-type.application";
		};
		7E888CE82F9802DF0063FB27 /* MindSnapTests */ = {
			isa = PBXNativeTarget;
			buildConfigurationList = 7E888D002F9802DF0063FB27 /* Build configuration list for PBXNativeTarget "MindSnapTests" */;
			buildPhases = (
				7E888CE52F9802DF0063FB27 /* Sources */,
				7E888CE62F9802DF0063FB27 /* Frameworks */,
				7E888CE72F9802DF0063FB27 /* Resources */,
			);
			buildRules = (
			);
			dependencies = (
				7E888CEB2F9802DF0063FB27 /* PBXTargetDependency */,
			);
			fileSystemSynchronizedGroups = (
				7E888CEC2F9802DF0063FB27 /* MindSnapTests */,
			);
			name = MindSnapTests;
			packageProductDependencies = (
			);
			productName = MindSnapTests;
			productReference = 7E888CE92F9802DF0063FB27 /* MindSnapTests.xctest */;
			productType = "com.apple.product-type.bundle.unit-test";
		};
		7E888CF22F9802DF0063FB27 /* MindSnapUITests */ = {
			isa = PBXNativeTarget;
			buildConfigurationList = 7E888D032F9802DF0063FB27 /* Build configuration list for PBXNativeTarget "MindSnapUITests" */;
			buildPhases = (
				7E888CEF2F9802DF0063FB27 /* Sources */,
				7E888CF02F9802DF0063FB27 /* Frameworks */,
				7E888CF12F9802DF0063FB27 /* Resources */,
			);
			buildRules = (
			);
			dependencies = (
				7E888CF52F9802DF0063FB27 /* PBXTargetDependency */,
			);
			fileSystemSynchronizedGroups = (
				7E888CF62F9802DF0063FB27 /* MindSnapUITests */,
			);
			name = MindSnapUITests;
			packageProductDependencies = (
			);
			productName = MindSnapUITests;
			productReference = 7E888CF32F9802DF0063FB27 /* MindSnapUITests.xctest */;
			productType = "com.apple.product-type.bundle.ui-testing";
		};
		7E888D302F980F760063FB27 /* MindSnapWidgetExtension */ = {
			isa = PBXNativeTarget;
			buildConfigurationList = 7E888D432F980F770063FB27 /* Build configuration list for PBXNativeTarget "MindSnapWidgetExtension" */;
			buildPhases = (
				7E888D2D2F980F760063FB27 /* Sources */,
				7E888D2E2F980F760063FB27 /* Frameworks */,
				7E888D2F2F980F760063FB27 /* Resources */,
			);
			buildRules = (
			);
			dependencies = (
			);
			fileSystemSynchronizedGroups = (
				7E888D372F980F760063FB27 /* MindSnapWidget */,
			);
			name = MindSnapWidgetExtension;
			packageProductDependencies = (
			);
			productName = MindSnapWidgetExtension;
			productReference = 7E888D312F980F760063FB27 /* MindSnapWidgetExtension.appex */;
			productType = "com.apple.product-type.app-extension";
		};
/* End PBXNativeTarget section */

/* Begin PBXProject section */
		7E888CD42F9802DE0063FB27 /* Project object */ = {
			isa = PBXProject;
			attributes = {
				BuildIndependentTargetsInParallel = 1;
				LastSwiftUpdateCheck = 2620;
				LastUpgradeCheck = 2620;
				TargetAttributes = {
					7E888CDB2F9802DE0063FB27 = {
						CreatedOnToolsVersion = 26.2;
					};
					7E888CE82F9802DF0063FB27 = {
						CreatedOnToolsVersion = 26.2;
						TestTargetID = 7E888CDB2F9802DE0063FB27;
					};
					7E888CF22F9802DF0063FB27 = {
						CreatedOnToolsVersion = 26.2;
						TestTargetID = 7E888CDB2F9802DE0063FB27;
					};
					7E888D302F980F760063FB27 = {
						CreatedOnToolsVersion = 26.2;
					};
				};
			};
			buildConfigurationList = 7E888CD72F9802DE0063FB27 /* Build configuration list for PBXProject "MindSnap" */;
			developmentRegion = en;
			hasScannedForEncodings = 0;
			knownRegions = (
				en,
				Base,
			);
			mainGroup = 7E888CD32F9802DE0063FB27;
			minimizedProjectReferenceProxies = 1;
			preferredProjectObjectVersion = 77;
			productRefGroup = 7E888CDD2F9802DE0063FB27 /* Products */;
			projectDirPath = "";
			projectRoot = "";
			targets = (
				7E888CDB2F9802DE0063FB27 /* MindSnap */,
				7E888CE82F9802DF0063FB27 /* MindSnapTests */,
				7E888CF22F9802DF0063FB27 /* MindSnapUITests */,
				7E888D302F980F760063FB27 /* MindSnapWidgetExtension */,
			);
		};
/* End PBXProject section */

/* Begin PBXResourcesBuildPhase section */
		7E888CDA2F9802DE0063FB27 /* Resources */ = {
			isa = PBXResourcesBuildPhase;
			buildActionMask = 2147483647;
			files = (
			);
			runOnlyForDeploymentPostprocessing = 0;
		};
		7E888CE72F9802DF0063FB27 /* Resources */ = {
			isa = PBXResourcesBuildPhase;
			buildActionMask = 2147483647;
			files = (
			);
			runOnlyForDeploymentPostprocessing = 0;
		};
		7E888CF12F9802DF0063FB27 /* Resources */ = {
			isa = PBXResourcesBuildPhase;
			buildActionMask = 2147483647;
			files = (
			);
			runOnlyForDeploymentPostprocessing = 0;
		};
		7E888D2F2F980F760063FB27 /* Resources */ = {
			isa = PBXResourcesBuildPhase;
			buildActionMask = 2147483647;
			files = (
			);
			runOnlyForDeploymentPostprocessing = 0;
		};
/* End PBXResourcesBuildPhase section */

/* Begin PBXSourcesBuildPhase section */
		7E888CD82F9802DE0063FB27 /* Sources */ = {
			isa = PBXSourcesBuildPhase;
			buildActionMask = 2147483647;
			files = (
			);
			runOnlyForDeploymentPostprocessing = 0;
		};
		7E888CE52F9802DF0063FB27 /* Sources */ = {
			isa = PBXSourcesBuildPhase;
			buildActionMask = 2147483647;
			files = (
			);
			runOnlyForDeploymentPostprocessing = 0;
		};
		7E888CEF2F9802DF0063FB27 /* Sources */ = {
			isa = PBXSourcesBuildPhase;
			buildActionMask = 2147483647;
			files = (
			);
			runOnlyForDeploymentPostprocessing = 0;
		};
		7E888D2D2F980F760063FB27 /* Sources */ = {
			isa = PBXSourcesBuildPhase;
			buildActionMask = 2147483647;
			files = (
			);
			runOnlyForDeploymentPostprocessing = 0;
		};
/* End PBXSourcesBuildPhase section */

/* Begin PBXTargetDependency section */
		7E888CEB2F9802DF0063FB27 /* PBXTargetDependency */ = {
			isa = PBXTargetDependency;
			target = 7E888CDB2F9802DE0063FB27 /* MindSnap */;
			targetProxy = 7E888CEA2F9802DF0063FB27 /* PBXContainerItemProxy */;
		};
		7E888CF52F9802DF0063FB27 /* PBXTargetDependency */ = {
			isa = PBXTargetDependency;
			target = 7E888CDB2F9802DE0063FB27 /* MindSnap */;
			targetProxy = 7E888CF42F9802DF0063FB27 /* PBXContainerItemProxy */;
		};
		7E888D402F980F770063FB27 /* PBXTargetDependency */ = {
			isa = PBXTargetDependency;
			target = 7E888D302F980F760063FB27 /* MindSnapWidgetExtension */;
			targetProxy = 7E888D3F2F980F770063FB27 /* PBXContainerItemProxy */;
		};
/* End PBXTargetDependency section */

/* Begin XCBuildConfiguration section */
		7E888CFB2F9802DF0063FB27 /* Debug */ = {
			isa = XCBuildConfiguration;
			buildSettings = {
				ALWAYS_SEARCH_USER_PATHS = NO;
				ASSETCATALOG_COMPILER_GENERATE_SWIFT_ASSET_SYMBOL_EXTENSIONS = YES;
				CLANG_ANALYZER_NONNULL = YES;
				CLANG_ANALYZER_NUMBER_OBJECT_CONVERSION = YES_AGGRESSIVE;
				CLANG_CXX_LANGUAGE_STANDARD = "gnu++20";
				CLANG_ENABLE_MODULES = YES;
				CLANG_ENABLE_OBJC_ARC = YES;
				CLANG_ENABLE_OBJC_WEAK = YES;
				CLANG_WARN_BLOCK_CAPTURE_AUTORELEASING = YES;
				CLANG_WARN_BOOL_CONVERSION = YES;
				CLANG_WARN_COMMA = YES;
				CLANG_WARN_CONSTANT_CONVERSION = YES;
				CLANG_WARN_DEPRECATED_OBJC_IMPLEMENTATIONS = YES;
				CLANG_WARN_DIRECT_OBJC_ISA_USAGE = YES_ERROR;
				CLANG_WARN_DOCUMENTATION_COMMENTS = YES;
				CLANG_WARN_EMPTY_BODY = YES;
				CLANG_WARN_ENUM_CONVERSION = YES;
				CLANG_WARN_INFINITE_RECURSION = YES;
				CLANG_WARN_INT_CONVERSION = YES;
				CLANG_WARN_NON_LITERAL_NULL_CONVERSION = YES;
				CLANG_WARN_OBJC_IMPLICIT_RETAIN_SELF = YES;
				CLANG_WARN_OBJC_LITERAL_CONVERSION = YES;
				CLANG_WARN_OBJC_ROOT_CLASS = YES_ERROR;
				CLANG_WARN_QUOTED_INCLUDE_IN_FRAMEWORK_HEADER = YES;
				CLANG_WARN_RANGE_LOOP_ANALYSIS = YES;
				CLANG_WARN_STRICT_PROTOTYPES = YES;
				CLANG_WARN_SUSPICIOUS_MOVE = YES;
				CLANG_WARN_UNGUARDED_AVAILABILITY = YES_AGGRESSIVE;
				CLANG_WARN_UNREACHABLE_CODE = YES;
				CLANG_WARN__DUPLICATE_METHOD_MATCH = YES;
				COPY_PHASE_STRIP = NO;
				DEBUG_INFORMATION_FORMAT = dwarf;
				ENABLE_STRICT_OBJC_MSGSEND = YES;
				ENABLE_TESTABILITY = YES;
				ENABLE_USER_SCRIPT_SANDBOXING = YES;
				GCC_C_LANGUAGE_STANDARD = gnu17;
				GCC_DYNAMIC_NO_PIC = NO;
				GCC_NO_COMMON_BLOCKS = YES;
				GCC_OPTIMIZATION_LEVEL = 0;
				GCC_PREPROCESSOR_DEFINITIONS = (
					"DEBUG=1",
					"$(inherited)",
				);
				GCC_WARN_64_TO_32_BIT_CONVERSION = YES;
				GCC_WARN_ABOUT_RETURN_TYPE = YES_ERROR;
				GCC_WARN_UNDECLARED_SELECTOR = YES;
				GCC_WARN_UNINITIALIZED_AUTOS = YES_AGGRESSIVE;
				GCC_WARN_UNUSED_FUNCTION = YES;
				GCC_WARN_UNUSED_VARIABLE = YES;
				IPHONEOS_DEPLOYMENT_TARGET = 26.2;
				LOCALIZATION_PREFERS_STRING_CATALOGS = YES;
				MTL_ENABLE_DEBUG_INFO = INCLUDE_SOURCE;
				MTL_FAST_MATH = YES;
				ONLY_ACTIVE_ARCH = YES;
				SDKROOT = iphoneos;
				SWIFT_ACTIVE_COMPILATION_CONDITIONS = "DEBUG $(inherited)";
				SWIFT_OPTIMIZATION_LEVEL = "-Onone";
			};
			name = Debug;
		};
		7E888CFC2F9802DF0063FB27 /* Release */ = {
			isa = XCBuildConfiguration;
			buildSettings = {
				ALWAYS_SEARCH_USER_PATHS = NO;
				ASSETCATALOG_COMPILER_GENERATE_SWIFT_ASSET_SYMBOL_EXTENSIONS = YES;
				CLANG_ANALYZER_NONNULL = YES;
				CLANG_ANALYZER_NUMBER_OBJECT_CONVERSION = YES_AGGRESSIVE;
				CLANG_CXX_LANGUAGE_STANDARD = "gnu++20";
				CLANG_ENABLE_MODULES = YES;
				CLANG_ENABLE_OBJC_ARC = YES;
				CLANG_ENABLE_OBJC_WEAK = YES;
				CLANG_WARN_BLOCK_CAPTURE_AUTORELEASING = YES;
				CLANG_WARN_BOOL_CONVERSION = YES;
				CLANG_WARN_COMMA = YES;
				CLANG_WARN_CONSTANT_CONVERSION = YES;
				CLANG_WARN_DEPRECATED_OBJC_IMPLEMENTATIONS = YES;
				CLANG_WARN_DIRECT_OBJC_ISA_USAGE = YES_ERROR;
				CLANG_WARN_DOCUMENTATION_COMMENTS = YES;
				CLANG_WARN_EMPTY_BODY = YES;
				CLANG_WARN_ENUM_CONVERSION = YES;
				CLANG_WARN_INFINITE_RECURSION = YES;
				CLANG_WARN_INT_CONVERSION = YES;
				CLANG_WARN_NON_LITERAL_NULL_CONVERSION = YES;
				CLANG_WARN_OBJC_IMPLICIT_RETAIN_SELF = YES;
				CLANG_WARN_OBJC_LITERAL_CONVERSION = YES;
				CLANG_WARN_OBJC_ROOT_CLASS = YES_ERROR;
				CLANG_WARN_QUOTED_INCLUDE_IN_FRAMEWORK_HEADER = YES;
				CLANG_WARN_RANGE_LOOP_ANALYSIS = YES;
				CLANG_WARN_STRICT_PROTOTYPES = YES;
				CLANG_WARN_SUSPICIOUS_MOVE = YES;
				CLANG_WARN_UNGUARDED_AVAILABILITY = YES_AGGRESSIVE;
				CLANG_WARN_UNREACHABLE_CODE = YES;
				CLANG_WARN__DUPLICATE_METHOD_MATCH = YES;
				COPY_PHASE_STRIP = NO;
				DEBUG_INFORMATION_FORMAT = "dwarf-with-dsym";
				ENABLE_NS_ASSERTIONS = NO;
				ENABLE_STRICT_OBJC_MSGSEND = YES;
				ENABLE_USER_SCRIPT_SANDBOXING = YES;
				GCC_C_LANGUAGE_STANDARD = gnu17;
				GCC_NO_COMMON_BLOCKS = YES;
				GCC_WARN_64_TO_32_BIT_CONVERSION = YES;
				GCC_WARN_ABOUT_RETURN_TYPE = YES_ERROR;
				GCC_WARN_UNDECLARED_SELECTOR = YES;
				GCC_WARN_UNINITIALIZED_AUTOS = YES_AGGRESSIVE;
				GCC_WARN_UNUSED_FUNCTION = YES;
				GCC_WARN_UNUSED_VARIABLE = YES;
				IPHONEOS_DEPLOYMENT_TARGET = 26.2;
				LOCALIZATION_PREFERS_STRING_CATALOGS = YES;
				MTL_ENABLE_DEBUG_INFO = NO;
				MTL_FAST_MATH = YES;
				SDKROOT = iphoneos;
				SWIFT_COMPILATION_MODE = wholemodule;
				VALIDATE_PRODUCT = YES;
			};
			name = Release;
		};
		7E888CFE2F9802DF0063FB27 /* Debug */ = {
			isa = XCBuildConfiguration;
			buildSettings = {
				ASSETCATALOG_COMPILER_APPICON_NAME = AppIcon;
				ASSETCATALOG_COMPILER_GLOBAL_ACCENT_COLOR_NAME = AccentColor;
				CODE_SIGN_ENTITLEMENTS = MindSnap/MindSnap.entitlements;
				CODE_SIGN_STYLE = Automatic;
				CURRENT_PROJECT_VERSION = 1;
				DEVELOPMENT_TEAM = 4ZPYD95GJT;
				ENABLE_PREVIEWS = YES;
				GENERATE_INFOPLIST_FILE = YES;
				INFOPLIST_FILE = MindSnap/Info.plist;
				INFOPLIST_KEY_CFBundleDisplayName = MindSnap;
				INFOPLIST_KEY_LSApplicationCategoryType = "public.app-category.healthcare-fitness";
				INFOPLIST_KEY_NSFaceIDUsageDescription = "MindSnap uses Face ID to keep your journal private and secure";
				INFOPLIST_KEY_NSHealthShareUsageDescription = "MindSnap reads selected Apple Health activity totals to update your goals automatically.";
				INFOPLIST_KEY_NSHealthUpdateUsageDescription = "MindSnap does not write health data.";
				INFOPLIST_KEY_NSMicrophoneUsageDescription = "MindSnap uses your microphone to record voice journal entries";
				INFOPLIST_KEY_NSSpeechRecognitionUsageDescription = "MindSnap uses speech recognition to transcribe your journal entries";
				INFOPLIST_KEY_UIApplicationSceneManifest_Generation = YES;
				INFOPLIST_KEY_UIApplicationSupportsIndirectInputEvents = YES;
				INFOPLIST_KEY_UILaunchScreen_Generation = YES;
				INFOPLIST_KEY_UISupportedInterfaceOrientations_iPad = "UIInterfaceOrientationPortrait UIInterfaceOrientationPortraitUpsideDown UIInterfaceOrientationLandscapeLeft UIInterfaceOrientationLandscapeRight";
				INFOPLIST_KEY_UISupportedInterfaceOrientations_iPhone = "UIInterfaceOrientationPortrait UIInterfaceOrientationLandscapeLeft UIInterfaceOrientationLandscapeRight";
				IPHONEOS_DEPLOYMENT_TARGET = 17.0;
				LD_RUNPATH_SEARCH_PATHS = (
					"$(inherited)",
					"@executable_path/Frameworks",
				);
				MARKETING_VERSION = 1.0;
				PRODUCT_BUNDLE_IDENTIFIER = com.pratik.MindSnap;
				PRODUCT_NAME = "$(TARGET_NAME)";
				STRING_CATALOG_GENERATE_SYMBOLS = YES;
				SWIFT_APPROACHABLE_CONCURRENCY = YES;
				SWIFT_DEFAULT_ACTOR_ISOLATION = MainActor;
				SWIFT_EMIT_LOC_STRINGS = YES;
				SWIFT_UPCOMING_FEATURE_MEMBER_IMPORT_VISIBILITY = YES;
				SWIFT_VERSION = 5.0;
				TARGETED_DEVICE_FAMILY = "1,2";
			};
			name = Debug;
		};
		7E888CFF2F9802DF0063FB27 /* Release */ = {
			isa = XCBuildConfiguration;
			buildSettings = {
				ASSETCATALOG_COMPILER_APPICON_NAME = AppIcon;
				ASSETCATALOG_COMPILER_GLOBAL_ACCENT_COLOR_NAME = AccentColor;
				CODE_SIGN_ENTITLEMENTS = MindSnap/MindSnap.entitlements;
				CODE_SIGN_STYLE = Automatic;
				CURRENT_PROJECT_VERSION = 1;
				DEVELOPMENT_TEAM = 4ZPYD95GJT;
				ENABLE_PREVIEWS = YES;
				GENERATE_INFOPLIST_FILE = YES;
				INFOPLIST_FILE = MindSnap/Info.plist;
				INFOPLIST_KEY_CFBundleDisplayName = MindSnap;
				INFOPLIST_KEY_LSApplicationCategoryType = "public.app-category.healthcare-fitness";
				INFOPLIST_KEY_NSFaceIDUsageDescription = "MindSnap uses Face ID to keep your journal private and secure";
				INFOPLIST_KEY_NSHealthShareUsageDescription = "MindSnap reads selected Apple Health activity totals to update your goals automatically.";
				INFOPLIST_KEY_NSHealthUpdateUsageDescription = "MindSnap does not write health data.";
				INFOPLIST_KEY_NSMicrophoneUsageDescription = "MindSnap uses your microphone to record voice journal entries";
				INFOPLIST_KEY_NSSpeechRecognitionUsageDescription = "MindSnap uses speech recognition to transcribe your journal entries";
				INFOPLIST_KEY_UIApplicationSceneManifest_Generation = YES;
				INFOPLIST_KEY_UIApplicationSupportsIndirectInputEvents = YES;
				INFOPLIST_KEY_UILaunchScreen_Generation = YES;
				INFOPLIST_KEY_UISupportedInterfaceOrientations_iPad = "UIInterfaceOrientationPortrait UIInterfaceOrientationPortraitUpsideDown UIInterfaceOrientationLandscapeLeft UIInterfaceOrientationLandscapeRight";
				INFOPLIST_KEY_UISupportedInterfaceOrientations_iPhone = "UIInterfaceOrientationPortrait UIInterfaceOrientationLandscapeLeft UIInterfaceOrientationLandscapeRight";
				IPHONEOS_DEPLOYMENT_TARGET = 17.0;
				LD_RUNPATH_SEARCH_PATHS = (
					"$(inherited)",
					"@executable_path/Frameworks",
				);
				MARKETING_VERSION = 1.0;
				PRODUCT_BUNDLE_IDENTIFIER = com.pratik.MindSnap;
				PRODUCT_NAME = "$(TARGET_NAME)";
				STRING_CATALOG_GENERATE_SYMBOLS = YES;
				SWIFT_APPROACHABLE_CONCURRENCY = YES;
				SWIFT_DEFAULT_ACTOR_ISOLATION = MainActor;
				SWIFT_EMIT_LOC_STRINGS = YES;
				SWIFT_UPCOMING_FEATURE_MEMBER_IMPORT_VISIBILITY = YES;
				SWIFT_VERSION = 5.0;
				TARGETED_DEVICE_FAMILY = "1,2";
			};
			name = Release;
		};
		7E888D012F9802DF0063FB27 /* Debug */ = {
			isa = XCBuildConfiguration;
			buildSettings = {
				BUNDLE_LOADER = "$(TEST_HOST)";
				CODE_SIGN_STYLE = Automatic;
				CURRENT_PROJECT_VERSION = 1;
				GENERATE_INFOPLIST_FILE = YES;
				IPHONEOS_DEPLOYMENT_TARGET = 26.2;
				MARKETING_VERSION = 1.0;
				PRODUCT_BUNDLE_IDENTIFIER = com.pratik.MindSnapTests;
				PRODUCT_NAME = "$(TARGET_NAME)";
				STRING_CATALOG_GENERATE_SYMBOLS = NO;
				SWIFT_APPROACHABLE_CONCURRENCY = YES;
				SWIFT_EMIT_LOC_STRINGS = NO;
				SWIFT_UPCOMING_FEATURE_MEMBER_IMPORT_VISIBILITY = YES;
				SWIFT_VERSION = 5.0;
				TARGETED_DEVICE_FAMILY = "1,2";
				TEST_HOST = "$(BUILT_PRODUCTS_DIR)/MindSnap.app/$(BUNDLE_EXECUTABLE_FOLDER_PATH)/MindSnap";
			};
			name = Debug;
		};
		7E888D022F9802DF0063FB27 /* Release */ = {
			isa = XCBuildConfiguration;
			buildSettings = {
				BUNDLE_LOADER = "$(TEST_HOST)";
				CODE_SIGN_STYLE = Automatic;
				CURRENT_PROJECT_VERSION = 1;
				GENERATE_INFOPLIST_FILE = YES;
				IPHONEOS_DEPLOYMENT_TARGET = 26.2;
				MARKETING_VERSION = 1.0;
				PRODUCT_BUNDLE_IDENTIFIER = com.pratik.MindSnapTests;
				PRODUCT_NAME = "$(TARGET_NAME)";
				STRING_CATALOG_GENERATE_SYMBOLS = NO;
				SWIFT_APPROACHABLE_CONCURRENCY = YES;
				SWIFT_EMIT_LOC_STRINGS = NO;
				SWIFT_UPCOMING_FEATURE_MEMBER_IMPORT_VISIBILITY = YES;
				SWIFT_VERSION = 5.0;
				TARGETED_DEVICE_FAMILY = "1,2";
				TEST_HOST = "$(BUILT_PRODUCTS_DIR)/MindSnap.app/$(BUNDLE_EXECUTABLE_FOLDER_PATH)/MindSnap";
			};
			name = Release;
		};
		7E888D042F9802DF0063FB27 /* Debug */ = {
			isa = XCBuildConfiguration;
			buildSettings = {
				CODE_SIGN_STYLE = Automatic;
				CURRENT_PROJECT_VERSION = 1;
				GENERATE_INFOPLIST_FILE = YES;
				MARKETING_VERSION = 1.0;
				PRODUCT_BUNDLE_IDENTIFIER = com.pratik.MindSnapUITests;
				PRODUCT_NAME = "$(TARGET_NAME)";
				STRING_CATALOG_GENERATE_SYMBOLS = NO;
				SWIFT_APPROACHABLE_CONCURRENCY = YES;
				SWIFT_EMIT_LOC_STRINGS = NO;
				SWIFT_UPCOMING_FEATURE_MEMBER_IMPORT_VISIBILITY = YES;
				SWIFT_VERSION = 5.0;
				TARGETED_DEVICE_FAMILY = "1,2";
				TEST_TARGET_NAME = MindSnap;
			};
			name = Debug;
		};
		7E888D052F9802DF0063FB27 /* Release */ = {
			isa = XCBuildConfiguration;
			buildSettings = {
				CODE_SIGN_STYLE = Automatic;
				CURRENT_PROJECT_VERSION = 1;
				GENERATE_INFOPLIST_FILE = YES;
				MARKETING_VERSION = 1.0;
				PRODUCT_BUNDLE_IDENTIFIER = com.pratik.MindSnapUITests;
				PRODUCT_NAME = "$(TARGET_NAME)";
				STRING_CATALOG_GENERATE_SYMBOLS = NO;
				SWIFT_APPROACHABLE_CONCURRENCY = YES;
				SWIFT_EMIT_LOC_STRINGS = NO;
				SWIFT_UPCOMING_FEATURE_MEMBER_IMPORT_VISIBILITY = YES;
				SWIFT_VERSION = 5.0;
				TARGETED_DEVICE_FAMILY = "1,2";
				TEST_TARGET_NAME = MindSnap;
			};
			name = Release;
		};
		7E888D442F980F770063FB27 /* Debug */ = {
			isa = XCBuildConfiguration;
			buildSettings = {
				ASSETCATALOG_COMPILER_GLOBAL_ACCENT_COLOR_NAME = AccentColor;
				ASSETCATALOG_COMPILER_WIDGET_BACKGROUND_COLOR_NAME = WidgetBackground;
				CODE_SIGN_ENTITLEMENTS = MindSnapWidgetExtension.entitlements;
				CODE_SIGN_STYLE = Automatic;
				CURRENT_PROJECT_VERSION = 1;
				DEVELOPMENT_TEAM = 4ZPYD95GJT;
				GENERATE_INFOPLIST_FILE = YES;
				INFOPLIST_FILE = MindSnapWidget/Info.plist;
				INFOPLIST_KEY_CFBundleDisplayName = MindSnapWidget;
				INFOPLIST_KEY_NSHumanReadableCopyright = "";
				LD_RUNPATH_SEARCH_PATHS = (
					"$(inherited)",
					"@executable_path/Frameworks",
					"@executable_path/../../Frameworks",
				);
				MARKETING_VERSION = 1.0;
				PRODUCT_BUNDLE_IDENTIFIER = com.pratik.MindSnap.MindSnapWidget;
				PRODUCT_NAME = "$(TARGET_NAME)";
				SKIP_INSTALL = YES;
				STRING_CATALOG_GENERATE_SYMBOLS = YES;
				SWIFT_APPROACHABLE_CONCURRENCY = YES;
				SWIFT_EMIT_LOC_STRINGS = YES;
				SWIFT_UPCOMING_FEATURE_MEMBER_IMPORT_VISIBILITY = YES;
				SWIFT_VERSION = 5.0;
				TARGETED_DEVICE_FAMILY = "1,2";
			};
			name = Debug;
		};
		7E888D452F980F770063FB27 /* Release */ = {
			isa = XCBuildConfiguration;
			buildSettings = {
				ASSETCATALOG_COMPILER_GLOBAL_ACCENT_COLOR_NAME = AccentColor;
				ASSETCATALOG_COMPILER_WIDGET_BACKGROUND_COLOR_NAME = WidgetBackground;
				CODE_SIGN_ENTITLEMENTS = MindSnapWidgetExtension.entitlements;
				CODE_SIGN_STYLE = Automatic;
				CURRENT_PROJECT_VERSION = 1;
				DEVELOPMENT_TEAM = 4ZPYD95GJT;
				GENERATE_INFOPLIST_FILE = YES;
				INFOPLIST_FILE = MindSnapWidget/Info.plist;
				INFOPLIST_KEY_CFBundleDisplayName = MindSnapWidget;
				INFOPLIST_KEY_NSHumanReadableCopyright = "";
				LD_RUNPATH_SEARCH_PATHS = (
					"$(inherited)",
					"@executable_path/Frameworks",
					"@executable_path/../../Frameworks",
				);
				MARKETING_VERSION = 1.0;
				PRODUCT_BUNDLE_IDENTIFIER = com.pratik.MindSnap.MindSnapWidget;
				PRODUCT_NAME = "$(TARGET_NAME)";
				SKIP_INSTALL = YES;
				STRING_CATALOG_GENERATE_SYMBOLS = YES;
				SWIFT_APPROACHABLE_CONCURRENCY = YES;
				SWIFT_EMIT_LOC_STRINGS = YES;
				SWIFT_UPCOMING_FEATURE_MEMBER_IMPORT_VISIBILITY = YES;
				SWIFT_VERSION = 5.0;
				TARGETED_DEVICE_FAMILY = "1,2";
			};
			name = Release;
		};
/* End XCBuildConfiguration section */

/* Begin XCConfigurationList section */
		7E888CD72F9802DE0063FB27 /* Build configuration list for PBXProject "MindSnap" */ = {
			isa = XCConfigurationList;
			buildConfigurations = (
				7E888CFB2F9802DF0063FB27 /* Debug */,
				7E888CFC2F9802DF0063FB27 /* Release */,
			);
			defaultConfigurationIsVisible = 0;
			defaultConfigurationName = Release;
		};
		7E888CFD2F9802DF0063FB27 /* Build configuration list for PBXNativeTarget "MindSnap" */ = {
			isa = XCConfigurationList;
			buildConfigurations = (
				7E888CFE2F9802DF0063FB27 /* Debug */,
				7E888CFF2F9802DF0063FB27 /* Release */,
			);
			defaultConfigurationIsVisible = 0;
			defaultConfigurationName = Release;
		};
		7E888D002F9802DF0063FB27 /* Build configuration list for PBXNativeTarget "MindSnapTests" */ = {
			isa = XCConfigurationList;
			buildConfigurations = (
				7E888D012F9802DF0063FB27 /* Debug */,
				7E888D022F9802DF0063FB27 /* Release */,
			);
			defaultConfigurationIsVisible = 0;
			defaultConfigurationName = Release;
		};
		7E888D032F9802DF0063FB27 /* Build configuration list for PBXNativeTarget "MindSnapUITests" */ = {
			isa = XCConfigurationList;
			buildConfigurations = (
				7E888D042F9802DF0063FB27 /* Debug */,
				7E888D052F9802DF0063FB27 /* Release */,
			);
			defaultConfigurationIsVisible = 0;
			defaultConfigurationName = Release;
		};
		7E888D432F980F770063FB27 /* Build configuration list for PBXNativeTarget "MindSnapWidgetExtension" */ = {
			isa = XCConfigurationList;
			buildConfigurations = (
				7E888D442F980F770063FB27 /* Debug */,
				7E888D452F980F770063FB27 /* Release */,
			);
			defaultConfigurationIsVisible = 0;
			defaultConfigurationName = Release;
		};
/* End XCConfigurationList section */
	};
	rootObject = 7E888CD42F9802DE0063FB27 /* Project object */;
}
